# This file is auto-generated by `yo fetch`. Do not edit manually.



[[dependencies]]
name = "raylib_yo"
url = "https://github.com/shd101wyy/raylib_yo.git"
ref = "v0.0.3"
commit = "c0a811fda0b976bd4810501905f6fec35869279c"
hash = "sha256-aef3c46cd064f0f51b619feac3a1cfa3ec7e2c4609de23fb5eab57033220d39c"
