# This file is auto-generated by `yo fetch`. Do not edit manually.



[[dependencies]]
name = "raylib_yo"
url = "https://github.com/shd101wyy/raylib_yo.git"
ref = "v0.0.4"
commit = "7685ded1a1405c0282e364811dd1ccee6822bb98"
hash = "sha256-a8a7c8ad03521f0edef4a92134d57d5e56ff5d87783b6dea358d9516e785bbfd"
