# yo.lock — generated by `yo add` / `yo install` / `yo update`; commit this file.
version = 2

[[package]]
name = "raylib_yo"
version = "0.0.7"
source = "git+https://github.com/shd101wyy/raylib_yo#v0.0.7"
commit = "05a34c6d91a8eb530d748b4550597b1d19da1780"
integrity = "sha256-9fd33264596a244ba7f7936a974f87cc9a2b200851fb0d0b9b5983d8a499aef5"
